
Microsoft Visual Studio Solution File, Format Version 12.00
# Visual Studio 15
VisualStudioVersion = 15.0.26430.13
MinimumVisualStudioVersion = 10.0.40219.1
Project("{8BC9CEB8-8B4A-11D0-8D11-00A0C91BC942}") = "timecube", "timecube\timecube.vcxproj", "{6DABDC20-8E04-4A1C-B540-7B870A0508CE}"
EndProject
Project("{8BC9CEB8-8B4A-11D0-8D11-00A0C91BC942}") = "test", "test\test.vcxproj", "{9F2DF1EE-7416-4613-85F3-0D892A1BFAE8}"
	ProjectSection(ProjectDependencies) = postProject
		{6DABDC20-8E04-4A1C-B540-7B870A0508CE} = {6DABDC20-8E04-4A1C-B540-7B870A0508CE}
	EndProjectSection
EndProject
Project("{8BC9CEB8-8B4A-11D0-8D11-00A0C91BC942}") = "vscube", "vscube\vscube.vcxproj", "{1A98E4C5-D6FE-475F-93AF-16921B8718F8}"
	ProjectSection(ProjectDependencies) = postProject
		{6DABDC20-8E04-4A1C-B540-7B870A0508CE} = {6DABDC20-8E04-4A1C-B540-7B870A0508CE}
	EndProjectSection
EndProject
Project("{8BC9CEB8-8B4A-11D0-8D11-00A0C91BC942}") = "benchmark", "benchmark\benchmark.vcxproj", "{47D5B84B-F042-47D9-9306-05F3F1CB80EB}"
	ProjectSection(ProjectDependencies) = postProject
		{6DABDC20-8E04-4A1C-B540-7B870A0508CE} = {6DABDC20-8E04-4A1C-B540-7B870A0508CE}
	EndProjectSection
EndProject
Global
	GlobalSection(SolutionConfigurationPlatforms) = preSolution
		Debug|x64 = Debug|x64
		Debug|x86 = Debug|x86
		Release|x64 = Release|x64
		Release|x86 = Release|x86
	EndGlobalSection
	GlobalSection(ProjectConfigurationPlatforms) = postSolution
		{6DABDC20-8E04-4A1C-B540-7B870A0508CE}.Debug|x64.ActiveCfg = Debug|x64
		{6DABDC20-8E04-4A1C-B540-7B870A0508CE}.Debug|x64.Build.0 = Debug|x64
		{6DABDC20-8E04-4A1C-B540-7B870A0508CE}.Debug|x86.ActiveCfg = Debug|Win32
		{6DABDC20-8E04-4A1C-B540-7B870A0508CE}.Debug|x86.Build.0 = Debug|Win32
		{6DABDC20-8E04-4A1C-B540-7B870A0508CE}.Release|x64.ActiveCfg = Release|x64
		{6DABDC20-8E04-4A1C-B540-7B870A0508CE}.Release|x64.Build.0 = Release|x64
		{6DABDC20-8E04-4A1C-B540-7B870A0508CE}.Release|x86.ActiveCfg = Release|Win32
		{6DABDC20-8E04-4A1C-B540-7B870A0508CE}.Release|x86.Build.0 = Release|Win32
		{9F2DF1EE-7416-4613-85F3-0D892A1BFAE8}.Debug|x64.ActiveCfg = Debug|x64
		{9F2DF1EE-7416-4613-85F3-0D892A1BFAE8}.Debug|x64.Build.0 = Debug|x64
		{9F2DF1EE-7416-4613-85F3-0D892A1BFAE8}.Debug|x86.ActiveCfg = Debug|Win32
		{9F2DF1EE-7416-4613-85F3-0D892A1BFAE8}.Debug|x86.Build.0 = Debug|Win32
		{9F2DF1EE-7416-4613-85F3-0D892A1BFAE8}.Release|x64.ActiveCfg = Release|x64
		{9F2DF1EE-7416-4613-85F3-0D892A1BFAE8}.Release|x64.Build.0 = Release|x64
		{9F2DF1EE-7416-4613-85F3-0D892A1BFAE8}.Release|x86.ActiveCfg = Release|Win32
		{9F2DF1EE-7416-4613-85F3-0D892A1BFAE8}.Release|x86.Build.0 = Release|Win32
		{1A98E4C5-D6FE-475F-93AF-16921B8718F8}.Debug|x64.ActiveCfg = Debug|x64
		{1A98E4C5-D6FE-475F-93AF-16921B8718F8}.Debug|x64.Build.0 = Debug|x64
		{1A98E4C5-D6FE-475F-93AF-16921B8718F8}.Debug|x86.ActiveCfg = Debug|Win32
		{1A98E4C5-D6FE-475F-93AF-16921B8718F8}.Debug|x86.Build.0 = Debug|Win32
		{1A98E4C5-D6FE-475F-93AF-16921B8718F8}.Release|x64.ActiveCfg = Release|x64
		{1A98E4C5-D6FE-475F-93AF-16921B8718F8}.Release|x64.Build.0 = Release|x64
		{1A98E4C5-D6FE-475F-93AF-16921B8718F8}.Release|x86.ActiveCfg = Release|Win32
		{1A98E4C5-D6FE-475F-93AF-16921B8718F8}.Release|x86.Build.0 = Release|Win32
		{47D5B84B-F042-47D9-9306-05F3F1CB80EB}.Debug|x64.ActiveCfg = Debug|x64
		{47D5B84B-F042-47D9-9306-05F3F1CB80EB}.Debug|x64.Build.0 = Debug|x64
		{47D5B84B-F042-47D9-9306-05F3F1CB80EB}.Debug|x86.ActiveCfg = Debug|Win32
		{47D5B84B-F042-47D9-9306-05F3F1CB80EB}.Debug|x86.Build.0 = Debug|Win32
		{47D5B84B-F042-47D9-9306-05F3F1CB80EB}.Release|x64.ActiveCfg = Release|x64
		{47D5B84B-F042-47D9-9306-05F3F1CB80EB}.Release|x64.Build.0 = Release|x64
		{47D5B84B-F042-47D9-9306-05F3F1CB80EB}.Release|x86.ActiveCfg = Release|Win32
		{47D5B84B-F042-47D9-9306-05F3F1CB80EB}.Release|x86.Build.0 = Release|Win32
	EndGlobalSection
	GlobalSection(SolutionProperties) = preSolution
		HideSolutionNode = FALSE
	EndGlobalSection
	GlobalSection(ExtensibilityGlobals) = postSolution
		SolutionGuid = {CB44E120-EF5B-49F7-9E25-D1434FF47C14}
	EndGlobalSection
EndGlobal
